
Microsoft Visual Studio Solution File, Format Version 12.00
# Visual Studio 15
Project("{FAE04EC0-301F-11D3-BF4B-00C04F79EFBC}") = "Assembly-CSharp-firstpass", "Assembly-CSharp-firstpass.csproj", "{9E107D16-0E94-3360-1367-FCC767F526C8}"
EndProject
Project("{FAE04EC0-301F-11D3-BF4B-00C04F79EFBC}") = "Assembly-CSharp", "Assembly-CSharp.csproj", "{CA9B9CAA-8817-FC06-FDE9-203302555D5B}"
EndProject
Project("{FAE04EC0-301F-11D3-BF4B-00C04F79EFBC}") = "Assembly-CSharp-Editor", "Assembly-CSharp-Editor.csproj", "{2EC4EEB9-1CBC-D891-C7AF-8111BB625FE7}"
EndProject
Global
	GlobalSection(SolutionConfigurationPlatforms) = preSolution
		Debug|Any CPU = Debug|Any CPU
		Release|Any CPU = Release|Any CPU
	EndGlobalSection
	GlobalSection(ProjectConfigurationPlatforms) = postSolution
		{9E107D16-0E94-3360-1367-FCC767F526C8}.Debug|Any CPU.ActiveCfg = Debug|Any CPU
		{9E107D16-0E94-3360-1367-FCC767F526C8}.Debug|Any CPU.Build.0 = Debug|Any CPU
		{9E107D16-0E94-3360-1367-FCC767F526C8}.Release|Any CPU.ActiveCfg = Release|Any CPU
		{9E107D16-0E94-3360-1367-FCC767F526C8}.Release|Any CPU.Build.0 = Release|Any CPU
		{CA9B9CAA-8817-FC06-FDE9-203302555D5B}.Debug|Any CPU.ActiveCfg = Debug|Any CPU
		{CA9B9CAA-8817-FC06-FDE9-203302555D5B}.Debug|Any CPU.Build.0 = Debug|Any CPU
		{CA9B9CAA-8817-FC06-FDE9-203302555D5B}.Release|Any CPU.ActiveCfg = Release|Any CPU
		{CA9B9CAA-8817-FC06-FDE9-203302555D5B}.Release|Any CPU.Build.0 = Release|Any CPU
		{2EC4EEB9-1CBC-D891-C7AF-8111BB625FE7}.Debug|Any CPU.ActiveCfg = Debug|Any CPU
		{2EC4EEB9-1CBC-D891-C7AF-8111BB625FE7}.Debug|Any CPU.Build.0 = Debug|Any CPU
		{2EC4EEB9-1CBC-D891-C7AF-8111BB625FE7}.Release|Any CPU.ActiveCfg = Release|Any CPU
		{2EC4EEB9-1CBC-D891-C7AF-8111BB625FE7}.Release|Any CPU.Build.0 = Release|Any CPU
	EndGlobalSection
	GlobalSection(SolutionProperties) = preSolution
		HideSolutionNode = FALSE
	EndGlobalSection
EndGlobal
